{
  "name": "copernicus-portfolio-2",
  "version": "0.1.0",
  "lockfileVersion": 2,
  "requires": true,
  "packages": {
    "": {
      "name": "copernicus-portfolio-2",
      "version": "0.1.0",
      "license": "MIT",
      "devDependencies": {
        "@nikolas.karinja/app-utils": "^0.3.23",
        "@nikolas.karinja/ecs": "^0.2.15",
        "chroma-js": "^2.4.2",
        "es6-tween": "^5.5.11",
        "simplex-noise": "^4.0.1",
        "three": "^0.148.0"
      }
    },
    "node_modules/@nikolas.karinja/app-utils": {
      "version": "0.3.24",
      "resolved": "https://registry.npmjs.org/@nikolas.karinja/app-utils/-/app-utils-0.3.24.tgz",
      "integrity": "sha512-bedIKtT+0lSwhA8sgOQyO7ZPjv3yQ2Eq3H22zE8uAt5gCZ3wzyMvsjFBpbcMQvdxHNt5IWEEfadWM6DcF4nKug==",
      "dev": true,
      "dependencies": {
        "three": "^0.146.0",
        "uuid": "^9.0.0"
      }
    },
    "node_modules/@nikolas.karinja/app-utils/node_modules/three": {
      "version": "0.146.0",
      "resolved": "https://registry.npmjs.org/three/-/three-0.146.0.tgz",
      "integrity": "sha512-1lvNfLezN6OJ9NaFAhfX4sm5e9YCzHtaRgZ1+B4C+Hv6TibRMsuBAM5/wVKzxjpYIlMymvgsHEFrrigEfXnb2A==",
      "dev": true
    },
    "node_modules/@nikolas.karinja/ecs": {
      "version": "0.2.15",
      "resolved": "https://registry.npmjs.org/@nikolas.karinja/ecs/-/ecs-0.2.15.tgz",
      "integrity": "sha512-x40aDZRuGw9tOcPm012LA+0IbsB9FXpmY+RJCoxt0FoU3iYdzVdTWvlQfDEH9yDsOrx3IXDSyjY8X0TRTD7sDw==",
      "dev": true,
      "dependencies": {
        "@nikolas.karinja/app-utils": "^0.3.9"
      }
    },
    "node_modules/chroma-js": {
      "version": "2.4.2",
      "resolved": "https://registry.npmjs.org/chroma-js/-/chroma-js-2.4.2.tgz",
      "integrity": "sha512-U9eDw6+wt7V8z5NncY2jJfZa+hUH8XEj8FQHgFJTrUFnJfXYf4Ml4adI2vXZOjqRDpFWtYVWypDfZwnJ+HIR4A==",
      "dev": true
    },
    "node_modules/es6-tween": {
      "version": "5.5.11",
      "resolved": "https://registry.npmjs.org/es6-tween/-/es6-tween-5.5.11.tgz",
      "integrity": "sha512-pRog/aPrGkPnblRJvuGcVTxlLqIu1TivB39zc6lw7jgOqIyOkqTBlTVr7ynlLjVGviezfYc3CZJWVAtOU3aoXQ==",
      "deprecated": "This project development suspended due of no support from community and no financial support to author",
      "dev": true,
      "funding": {
        "type": "patreon",
        "url": "https://www.patreon.com/dalisoft"
      }
    },
    "node_modules/simplex-noise": {
      "version": "4.0.1",
      "resolved": "https://registry.npmjs.org/simplex-noise/-/simplex-noise-4.0.1.tgz",
      "integrity": "sha512-zl/+bdSqW7HJOQ0oDbxrNYaF4F5ik0i7M6YOYmEoIJNtg16NpvWaTTM1Y7oV/7T0jFljawLgYPS81Uu2rsfo1A==",
      "dev": true
    },
    "node_modules/three": {
      "version": "0.148.0",
      "resolved": "https://registry.npmjs.org/three/-/three-0.148.0.tgz",
      "integrity": "sha512-8uzVV+qhTPi0bOFs/3te3RW6hb3urL8jYEl6irjCWo/l6sr8MPNMcClFev/MMYeIxr0gmDcoXTy/8LXh/LXkfw==",
      "dev": true
    },
    "node_modules/uuid": {
      "version": "9.0.0",
      "resolved": "https://registry.npmjs.org/uuid/-/uuid-9.0.0.tgz",
      "integrity": "sha512-MXcSTerfPa4uqyzStbRoTgt5XIe3x5+42+q1sDuy3R5MDk66URdLMOZe5aPX/SQd+kuYAh0FdP/pO28IkQyTeg==",
      "dev": true,
      "bin": {
        "uuid": "dist/bin/uuid"
      }
    }
  },
  "dependencies": {
    "@nikolas.karinja/app-utils": {
      "version": "0.3.24",
      "resolved": "https://registry.npmjs.org/@nikolas.karinja/app-utils/-/app-utils-0.3.24.tgz",
      "integrity": "sha512-bedIKtT+0lSwhA8sgOQyO7ZPjv3yQ2Eq3H22zE8uAt5gCZ3wzyMvsjFBpbcMQvdxHNt5IWEEfadWM6DcF4nKug==",
      "dev": true,
      "requires": {
        "three": "^0.146.0",
        "uuid": "^9.0.0"
      },
      "dependencies": {
        "three": {
          "version": "0.146.0",
          "resolved": "https://registry.npmjs.org/three/-/three-0.146.0.tgz",
          "integrity": "sha512-1lvNfLezN6OJ9NaFAhfX4sm5e9YCzHtaRgZ1+B4C+Hv6TibRMsuBAM5/wVKzxjpYIlMymvgsHEFrrigEfXnb2A==",
          "dev": true
        }
      }
    },
    "@nikolas.karinja/ecs": {
      "version": "0.2.15",
      "resolved": "https://registry.npmjs.org/@nikolas.karinja/ecs/-/ecs-0.2.15.tgz",
      "integrity": "sha512-x40aDZRuGw9tOcPm012LA+0IbsB9FXpmY+RJCoxt0FoU3iYdzVdTWvlQfDEH9yDsOrx3IXDSyjY8X0TRTD7sDw==",
      "dev": true,
      "requires": {
        "@nikolas.karinja/app-utils": "^0.3.9"
      }
    },
    "chroma-js": {
      "version": "2.4.2",
      "resolved": "https://registry.npmjs.org/chroma-js/-/chroma-js-2.4.2.tgz",
      "integrity": "sha512-U9eDw6+wt7V8z5NncY2jJfZa+hUH8XEj8FQHgFJTrUFnJfXYf4Ml4adI2vXZOjqRDpFWtYVWypDfZwnJ+HIR4A==",
      "dev": true
    },
    "es6-tween": {
      "version": "5.5.11",
      "resolved": "https://registry.npmjs.org/es6-tween/-/es6-tween-5.5.11.tgz",
      "integrity": "sha512-pRog/aPrGkPnblRJvuGcVTxlLqIu1TivB39zc6lw7jgOqIyOkqTBlTVr7ynlLjVGviezfYc3CZJWVAtOU3aoXQ==",
      "dev": true
    },
    "simplex-noise": {
      "version": "4.0.1",
      "resolved": "https://registry.npmjs.org/simplex-noise/-/simplex-noise-4.0.1.tgz",
      "integrity": "sha512-zl/+bdSqW7HJOQ0oDbxrNYaF4F5ik0i7M6YOYmEoIJNtg16NpvWaTTM1Y7oV/7T0jFljawLgYPS81Uu2rsfo1A==",
      "dev": true
    },
    "three": {
      "version": "0.148.0",
      "resolved": "https://registry.npmjs.org/three/-/three-0.148.0.tgz",
      "integrity": "sha512-8uzVV+qhTPi0bOFs/3te3RW6hb3urL8jYEl6irjCWo/l6sr8MPNMcClFev/MMYeIxr0gmDcoXTy/8LXh/LXkfw==",
      "dev": true
    },
    "uuid": {
      "version": "9.0.0",
      "resolved": "https://registry.npmjs.org/uuid/-/uuid-9.0.0.tgz",
      "integrity": "sha512-MXcSTerfPa4uqyzStbRoTgt5XIe3x5+42+q1sDuy3R5MDk66URdLMOZe5aPX/SQd+kuYAh0FdP/pO28IkQyTeg==",
      "dev": true
    }
  }
}
